
Microsoft Visual Studio Solution File, Format Version 12.00
# Visual Studio Version 17
VisualStudioVersion = 17.5.33424.131
MinimumVisualStudioVersion = 10.0.40219.1
Project("{FAE04EC0-301F-11D3-BF4B-00C04F79EFBC}") = "Take_Note", "Take_Note\Take_Note.csproj", "{E67DD632-71EF-466C-81F8-47B4B3CD20D0}"
EndProject
Global
	GlobalSection(SolutionConfigurationPlatforms) = preSolution
		Debug|Any CPU = Debug|Any CPU
		Release|Any CPU = Release|Any CPU
	EndGlobalSection
	GlobalSection(ProjectConfigurationPlatforms) = postSolution
		{E67DD632-71EF-466C-81F8-47B4B3CD20D0}.Debug|Any CPU.ActiveCfg = Debug|Any CPU
		{E67DD632-71EF-466C-81F8-47B4B3CD20D0}.Debug|Any CPU.Build.0 = Debug|Any CPU
		{E67DD632-71EF-466C-81F8-47B4B3CD20D0}.Release|Any CPU.ActiveCfg = Release|Any CPU
		{E67DD632-71EF-466C-81F8-47B4B3CD20D0}.Release|Any CPU.Build.0 = Release|Any CPU
	EndGlobalSection
	GlobalSection(SolutionProperties) = preSolution
		HideSolutionNode = FALSE
	EndGlobalSection
	GlobalSection(ExtensibilityGlobals) = postSolution
		SolutionGuid = {978C49D2-E604-4F7E-A2A4-EE2115B464D1}
	EndGlobalSection
EndGlobal
